
Microsoft Visual Studio Solution File, Format Version 12.00
# Visual Studio Version 16
VisualStudioVersion = 16.0.31129.286
MinimumVisualStudioVersion = 10.0.40219.1
Project("{FAE04EC0-301F-11D3-BF4B-00C04F79EFBC}") = "Web_Ataskaitos", "Web_Ataskaitos\Web_Ataskaitos.csproj", "{CA6B1336-BEE9-4920-9625-D9DE487744DB}"
EndProject
Global
	GlobalSection(SolutionConfigurationPlatforms) = preSolution
		Debug|Any CPU = Debug|Any CPU
		Release|Any CPU = Release|Any CPU
	EndGlobalSection
	GlobalSection(ProjectConfigurationPlatforms) = postSolution
		{CA6B1336-BEE9-4920-9625-D9DE487744DB}.Debug|Any CPU.ActiveCfg = Debug|Any CPU
		{CA6B1336-BEE9-4920-9625-D9DE487744DB}.Debug|Any CPU.Build.0 = Debug|Any CPU
		{CA6B1336-BEE9-4920-9625-D9DE487744DB}.Release|Any CPU.ActiveCfg = Release|Any CPU
		{CA6B1336-BEE9-4920-9625-D9DE487744DB}.Release|Any CPU.Build.0 = Release|Any CPU
	EndGlobalSection
	GlobalSection(SolutionProperties) = preSolution
		HideSolutionNode = FALSE
	EndGlobalSection
	GlobalSection(ExtensibilityGlobals) = postSolution
		SolutionGuid = {627AE228-B517-4D79-A891-14AF072E98EF}
	EndGlobalSection
EndGlobal
